
Microsoft Visual Studio Solution File, Format Version 12.00
# Visual Studio Version 16
VisualStudioVersion = 16.0.28803.156
MinimumVisualStudioVersion = 10.0.40219.1
Project("{FAE04EC0-301F-11D3-BF4B-00C04F79EFBC}") = "DevWhoops", "DevWhoops\DevWhoops.csproj", "{C88A006C-34DB-4527-8A12-49FDC4E542B7}"
EndProject
Global
	GlobalSection(SolutionConfigurationPlatforms) = preSolution
		Debug|Any CPU = Debug|Any CPU
		Release|Any CPU = Release|Any CPU
	EndGlobalSection
	GlobalSection(ProjectConfigurationPlatforms) = postSolution
		{C88A006C-34DB-4527-8A12-49FDC4E542B7}.Debug|Any CPU.ActiveCfg = Debug|Any CPU
		{C88A006C-34DB-4527-8A12-49FDC4E542B7}.Debug|Any CPU.Build.0 = Debug|Any CPU
		{C88A006C-34DB-4527-8A12-49FDC4E542B7}.Release|Any CPU.ActiveCfg = Release|Any CPU
		{C88A006C-34DB-4527-8A12-49FDC4E542B7}.Release|Any CPU.Build.0 = Release|Any CPU
	EndGlobalSection
	GlobalSection(SolutionProperties) = preSolution
		HideSolutionNode = FALSE
	EndGlobalSection
	GlobalSection(ExtensibilityGlobals) = postSolution
		SolutionGuid = {ACD22AF6-FA65-46DD-9FAE-18C2DCB7AC8F}
	EndGlobalSection
EndGlobal
